
Microsoft Visual Studio Solution File, Format Version 12.00
# Visual Studio 15
VisualStudioVersion = 15.0.28307.1209
MinimumVisualStudioVersion = 10.0.40219.1
Project("{FAE04EC0-301F-11D3-BF4B-00C04F79EFBC}") = "csv_form_auto", "csv_form_auto\csv_form_auto.csproj", "{968D551A-D7D5-4EEB-911C-FB346349FF01}"
EndProject
Global
	GlobalSection(SolutionConfigurationPlatforms) = preSolution
		Debug|Any CPU = Debug|Any CPU
		Release|Any CPU = Release|Any CPU
	EndGlobalSection
	GlobalSection(ProjectConfigurationPlatforms) = postSolution
		{968D551A-D7D5-4EEB-911C-FB346349FF01}.Debug|Any CPU.ActiveCfg = Debug|Any CPU
		{968D551A-D7D5-4EEB-911C-FB346349FF01}.Debug|Any CPU.Build.0 = Debug|Any CPU
		{968D551A-D7D5-4EEB-911C-FB346349FF01}.Release|Any CPU.ActiveCfg = Release|Any CPU
		{968D551A-D7D5-4EEB-911C-FB346349FF01}.Release|Any CPU.Build.0 = Release|Any CPU
	EndGlobalSection
	GlobalSection(SolutionProperties) = preSolution
		HideSolutionNode = FALSE
	EndGlobalSection
	GlobalSection(ExtensibilityGlobals) = postSolution
		SolutionGuid = {9C2A660F-F05A-4891-A63A-568C6C0A95F8}
	EndGlobalSection
EndGlobal
